
Microsoft Visual Studio Solution File, Format Version 12.00
# Visual Studio Version 17
VisualStudioVersion = 17.9.34728.123
MinimumVisualStudioVersion = 10.0.40219.1
Project("{2150E333-8FDC-42A3-9474-1A3956D46DE8}") = "Pilhas_N_inteiros", "Pilhas_N_inteiros", "{306C572D-54B7-415D-9EAA-E0C5E7AC8310}"
EndProject
Project("{FAE04EC0-301F-11D3-BF4B-00C04F79EFBC}") = "Ex1_Pilhas", "Ex1_Pilhas\Ex1_Pilhas.csproj", "{EF9D0ADF-E57D-4468-842D-F294D91A621D}"
EndProject
Global
	GlobalSection(SolutionConfigurationPlatforms) = preSolution
		Debug|Any CPU = Debug|Any CPU
		Release|Any CPU = Release|Any CPU
	EndGlobalSection
	GlobalSection(ProjectConfigurationPlatforms) = postSolution
		{EF9D0ADF-E57D-4468-842D-F294D91A621D}.Debug|Any CPU.ActiveCfg = Debug|Any CPU
		{EF9D0ADF-E57D-4468-842D-F294D91A621D}.Debug|Any CPU.Build.0 = Debug|Any CPU
		{EF9D0ADF-E57D-4468-842D-F294D91A621D}.Release|Any CPU.ActiveCfg = Release|Any CPU
		{EF9D0ADF-E57D-4468-842D-F294D91A621D}.Release|Any CPU.Build.0 = Release|Any CPU
	EndGlobalSection
	GlobalSection(SolutionProperties) = preSolution
		HideSolutionNode = FALSE
	EndGlobalSection
	GlobalSection(NestedProjects) = preSolution
		{EF9D0ADF-E57D-4468-842D-F294D91A621D} = {306C572D-54B7-415D-9EAA-E0C5E7AC8310}
	EndGlobalSection
	GlobalSection(ExtensibilityGlobals) = postSolution
		SolutionGuid = {CDCD08F2-ADB0-43AC-87AB-24DF577BBFE1}
	EndGlobalSection
EndGlobal
